
Microsoft Visual Studio Solution File, Format Version 12.00
# Visual Studio Version 17
VisualStudioVersion = 17.3.32922.545
MinimumVisualStudioVersion = 10.0.40219.1
Project("{9A19103F-16F7-4668-BE54-9A1E7A4F7556}") = "FileSystemVisitorConsole", "FileSystemVisitorConsole\FileSystemVisitorConsole.csproj", "{80F1356F-55C7-4D1E-B307-2EE9AA559050}"
EndProject
Project("{FAE04EC0-301F-11D3-BF4B-00C04F79EFBC}") = "FileSystemVisitorConsoleTests", "FileSystemVisitorConsoleTests\FileSystemVisitorConsoleTests.csproj", "{BE5E918F-9B4F-4706-9139-8FD31DD2BCC3}"
EndProject
Global
	GlobalSection(SolutionConfigurationPlatforms) = preSolution
		Debug|Any CPU = Debug|Any CPU
		Release|Any CPU = Release|Any CPU
	EndGlobalSection
	GlobalSection(ProjectConfigurationPlatforms) = postSolution
		{80F1356F-55C7-4D1E-B307-2EE9AA559050}.Debug|Any CPU.ActiveCfg = Debug|Any CPU
		{80F1356F-55C7-4D1E-B307-2EE9AA559050}.Debug|Any CPU.Build.0 = Debug|Any CPU
		{80F1356F-55C7-4D1E-B307-2EE9AA559050}.Release|Any CPU.ActiveCfg = Release|Any CPU
		{80F1356F-55C7-4D1E-B307-2EE9AA559050}.Release|Any CPU.Build.0 = Release|Any CPU
		{BE5E918F-9B4F-4706-9139-8FD31DD2BCC3}.Debug|Any CPU.ActiveCfg = Debug|Any CPU
		{BE5E918F-9B4F-4706-9139-8FD31DD2BCC3}.Debug|Any CPU.Build.0 = Debug|Any CPU
		{BE5E918F-9B4F-4706-9139-8FD31DD2BCC3}.Release|Any CPU.ActiveCfg = Release|Any CPU
		{BE5E918F-9B4F-4706-9139-8FD31DD2BCC3}.Release|Any CPU.Build.0 = Release|Any CPU
	EndGlobalSection
	GlobalSection(SolutionProperties) = preSolution
		HideSolutionNode = FALSE
	EndGlobalSection
	GlobalSection(ExtensibilityGlobals) = postSolution
		SolutionGuid = {86229A45-4F33-46C2-BF82-E9C15E811FC5}
	EndGlobalSection
EndGlobal
